
Microsoft Visual Studio Solution File, Format Version 12.00
# Visual Studio Version 17
VisualStudioVersion = 17.13.35931.197 d17.13
MinimumVisualStudioVersion = 10.0.40219.1
Project("{FAE04EC0-301F-11D3-BF4B-00C04F79EFBC}") = "Amazon", "Amazon.csproj", "{B4B68752-E970-40E5-A252-2BC6458AAC13}"
EndProject
Global
	GlobalSection(SolutionConfigurationPlatforms) = preSolution
		Debug|Any CPU = Debug|Any CPU
		Release|Any CPU = Release|Any CPU
	EndGlobalSection
	GlobalSection(ProjectConfigurationPlatforms) = postSolution
		{B4B68752-E970-40E5-A252-2BC6458AAC13}.Debug|Any CPU.ActiveCfg = Debug|Any CPU
		{B4B68752-E970-40E5-A252-2BC6458AAC13}.Debug|Any CPU.Build.0 = Debug|Any CPU
		{B4B68752-E970-40E5-A252-2BC6458AAC13}.Release|Any CPU.ActiveCfg = Release|Any CPU
		{B4B68752-E970-40E5-A252-2BC6458AAC13}.Release|Any CPU.Build.0 = Release|Any CPU
	EndGlobalSection
	GlobalSection(SolutionProperties) = preSolution
		HideSolutionNode = FALSE
	EndGlobalSection
	GlobalSection(ExtensibilityGlobals) = postSolution
		SolutionGuid = {1AEA4471-9361-4F19-9AC9-D9A7560E1134}
	EndGlobalSection
EndGlobal
